
Microsoft Visual Studio Solution File, Format Version 12.00
# Visual Studio Version 16
VisualStudioVersion = 16.0.31205.134
MinimumVisualStudioVersion = 10.0.40219.1
Project("{9A19103F-16F7-4668-BE54-9A1E7A4F7556}") = "battleship", "src\battleship\battleship.csproj", "{AF24808E-5075-44BE-9044-904E82C969A9}"
EndProject
Project("{9A19103F-16F7-4668-BE54-9A1E7A4F7556}") = "battleship.tests", "tests\battleship.tests\battleship.tests.csproj", "{BCBE08BC-0B59-4A63-A920-99F510DCD536}"
EndProject
Global
	GlobalSection(SolutionConfigurationPlatforms) = preSolution
		Debug|Any CPU = Debug|Any CPU
		Release|Any CPU = Release|Any CPU
	EndGlobalSection
	GlobalSection(ProjectConfigurationPlatforms) = postSolution
		{AF24808E-5075-44BE-9044-904E82C969A9}.Debug|Any CPU.ActiveCfg = Debug|Any CPU
		{AF24808E-5075-44BE-9044-904E82C969A9}.Debug|Any CPU.Build.0 = Debug|Any CPU
		{AF24808E-5075-44BE-9044-904E82C969A9}.Release|Any CPU.ActiveCfg = Release|Any CPU
		{AF24808E-5075-44BE-9044-904E82C969A9}.Release|Any CPU.Build.0 = Release|Any CPU
		{BCBE08BC-0B59-4A63-A920-99F510DCD536}.Debug|Any CPU.ActiveCfg = Debug|Any CPU
		{BCBE08BC-0B59-4A63-A920-99F510DCD536}.Debug|Any CPU.Build.0 = Debug|Any CPU
		{BCBE08BC-0B59-4A63-A920-99F510DCD536}.Release|Any CPU.ActiveCfg = Release|Any CPU
		{BCBE08BC-0B59-4A63-A920-99F510DCD536}.Release|Any CPU.Build.0 = Release|Any CPU
	EndGlobalSection
	GlobalSection(SolutionProperties) = preSolution
		HideSolutionNode = FALSE
	EndGlobalSection
	GlobalSection(ExtensibilityGlobals) = postSolution
		SolutionGuid = {F9DD76E6-B2C2-4270-99B0-5ED0366F341C}
	EndGlobalSection
EndGlobal
